// !$*UTF8*$!
{
	archiveVersion = 1;
	classes = {
	};
	objectVersion = 46;
	objects = {

/* Begin PBXBuildFile section */
		A347294C1B5596BB00ECDDE3 /* AppDelegate.swift in Sources */ = {isa = PBXBuildFile; fileRef = A347294B1B5596BB00ECDDE3 /* AppDelegate.swift */; };
		A347294E1B5596BB00ECDDE3 /* ViewController.swift in Sources */ = {isa = PBXBuildFile; fileRef = A347294D1B5596BB00ECDDE3 /* ViewController.swift */; };
		A34729511B5596BB00ECDDE3 /* Main.storyboard in Resources */ = {isa = PBXBuildFile; fileRef = A347294F1B5596BB00ECDDE3 /* Main.storyboard */; };
		A34729531B5596BB00ECDDE3 /* Assets.xcassets in Resources */ = {isa = PBXBuildFile; fileRef = A34729521B5596BB00ECDDE3 /* Assets.xcassets */; };
		A34729561B5596BB00ECDDE3 /* LaunchScreen.storyboard in Resources */ = {isa = PBXBuildFile; fileRef = A34729541B5596BB00ECDDE3 /* LaunchScreen.storyboard */; };
/* End PBXBuildFile section */

/* Begin PBXFileReference section */
		A34729481B5596BB00ECDDE3 /* EasyList.app */ = {isa = PBXFileReference; explicitFileType = wrapper.application; includeInIndex = 0; path = EasyList.app; sourceTree = BUILT_PRODUCTS_DIR; };
		A347294B1B5596BB00ECDDE3 /* AppDelegate.swift */ = {isa = PBXFileReference; lastKnownFileType = sourcecode.swift; path = AppDelegate.swift; sourceTree = "<group>"; };
		A347294D1B5596BB00ECDDE3 /* ViewController.swift */ = {isa = PBXFileReference; lastKnownFileType = sourcecode.swift; path = ViewController.swift; sourceTree = "<group>"; };
		A34729501B5596BB00ECDDE3 /* Base */ = {isa = PBXFileReference; lastKnownFileType = file.storyboard; name = Base; path = Base.lproj/Main.storyboard; sourceTree = "<group>"; };
		A34729521B5596BB00ECDDE3 /* Assets.xcassets */ = {isa = PBXFileReference; lastKnownFileType = folder.assetcatalog; path = Assets.xcassets; sourceTree = "<group>"; };
		A34729551B5596BB00ECDDE3 /* Base */ = {isa = PBXFileReference; lastKnownFileType = file.storyboard; name = Base; path = Base.lproj/LaunchScreen.storyboard; sourceTree = "<group>"; };
		A34729571B5596BB00ECDDE3 /* Info.plist */ = {isa = PBXFileReference; lastKnownFileType = text.plist.xml; path = Info.plist; sourceTree = "<group>"; };
/* End PBXFileReference section */

/* Begin PBXFrameworksBuildPhase section */
		A34729451B5596BB00ECDDE3 /* Frameworks */ = {
			isa = PBXFrameworksBuildPhase;
			buildActionMask = 2147483647;
			files = (
			);
			runOnlyForDeploymentPostprocessing = 0;
		};
/* End PBXFrameworksBuildPhase section */

/* Begin PBXGroup section */
		A347293F1B5596BB00ECDDE3 = {
			isa = PBXGroup;
			children = (
				A347294A1B5596BB00ECDDE3 /* EasyList */,
				A34729491B5596BB00ECDDE3 /* Products */,
			);
			sourceTree = "<group>";
		};
		A34729491B5596BB00ECDDE3 /* Products */ = {
			isa = PBXGroup;
			children = (
				A34729481B5596BB00ECDDE3 /* EasyList.app */,
			);
			name = Products;
			sourceTree = "<group>";
		};
		A347294A1B5596BB00ECDDE3 /* EasyList */ = {
			isa = PBXGroup;
			children = (
				A347294B1B5596BB00ECDDE3 /* AppDelegate.swift */,
				A347294D1B5596BB00ECDDE3 /* ViewController.swift */,
				A347294F1B5596BB00ECDDE3 /* Main.storyboard */,
				A34729521B5596BB00ECDDE3 /* Assets.xcassets */,
				A34729541B5596BB00ECDDE3 /* LaunchScreen.storyboard */,
				A34729571B5596BB00ECDDE3 /* Info.plist */,
			);
			path = EasyList;
			sourceTree = "<group>";
		};
/* End PBXGroup section */

/* Begin PBXNativeTarget section */
		A34729471B5596BB00ECDDE3 /* EasyList */ = {
			isa = PBXNativeTarget;
			buildConfigurationList = A347295A1B5596BB00ECDDE3 /* Build configuration list for PBXNativeTarget "EasyList" */;
			buildPhases = (
				A34729441B5596BB00ECDDE3 /* Sources */,
				A34729451B5596BB00ECDDE3 /* Frameworks */,
				A34729461B5596BB00ECDDE3 /* Resources */,
			);
			buildRules = (
			);
			dependencies = (
			);
			name = EasyList;
			productName = EasyList;
			productReference = A34729481B5596BB00ECDDE3 /* EasyList.app */;
			productType = "com.apple.product-type.application";
		};
/* End PBXNativeTarget section */

/* Begin PBXProject section */
		A34729401B5596BB00ECDDE3 /* Project object */ = {
			isa = PBXProject;
			attributes = {
				LastUpgradeCheck = 0700;
				ORGANIZATIONNAME = "Luke Channings";
				TargetAttributes = {
					A34729471B5596BB00ECDDE3 = {
						CreatedOnToolsVersion = 7.0;
					};
				};
			};
			buildConfigurationList = A34729431B5596BB00ECDDE3 /* Build configuration list for PBXProject "EasyList" */;
			compatibilityVersion = "Xcode 3.2";
			developmentRegion = English;
			hasScannedForEncodings = 0;
			knownRegions = (
				en,
				Base,
			);
			mainGroup = A347293F1B5596BB00ECDDE3;
			productRefGroup = A34729491B5596BB00ECDDE3 /* Products */;
			projectDirPath = "";
			projectRoot = "";
			targets = (
				A34729471B5596BB00ECDDE3 /* EasyList */,
			);
		};
/* End PBXProject section */

/* Begin PBXResourcesBuildPhase section */
		A34729461B5596BB00ECDDE3 /* Resources */ = {
			isa = PBXResourcesBuildPhase;
			buildActionMask = 2147483647;
			files = (
				A34729561B5596BB00ECDDE3 /* LaunchScreen.storyboard in Resources */,
				A34729531B5596BB00ECDDE3 /* Assets.xcassets in Resources */,
				A34729511B5596BB00ECDDE3 /* Main.storyboard in Resources */,
			);
			runOnlyForDeploymentPostprocessing = 0;
		};
/* End PBXResourcesBuildPhase section */

/* Begin PBXSourcesBuildPhase section */
		A34729441B5596BB00ECDDE3 /* Sources */ = {
			isa = PBXSourcesBuildPhase;
			buildActionMask = 2147483647;
			files = (
				A347294E1B5596BB00ECDDE3 /* ViewController.swift in Sources */,
				A347294C1B5596BB00ECDDE3 /* AppDelegate.swift in Sources */,
			);
			runOnlyForDeploymentPostprocessing = 0;
		};
/* End PBXSourcesBuildPhase section */

/* Begin PBXVariantGroup section */
		A347294F1B5596BB00ECDDE3 /* Main.storyboard */ = {
			isa = PBXVariantGroup;
			children = (
				A34729501B5596BB00ECDDE3 /* Base */,
			);
			name = Main.storyboard;
			sourceTree = "<group>";
		};
		A34729541B5596BB00ECDDE3 /* LaunchScreen.storyboard */ = {
			isa = PBXVariantGroup;
			children = (
				A34729551B5596BB00ECDDE3 /* Base */,
			);
			name = LaunchScreen.storyboard;
			sourceTree = "<group>";
		};
/* End PBXVariantGroup section */

/* Begin XCBuildConfiguration section */
		A34729581B5596BB00ECDDE3 /* Debug */ = {
			isa = XCBuildConfiguration;
			buildSettings = {
				ALWAYS_SEARCH_USER_PATHS = NO;
				CLANG_CXX_LANGUAGE_STANDARD = "gnu++0x";
				CLANG_CXX_LIBRARY = "libc++";
				CLANG_ENABLE_MODULES = YES;
				CLANG_ENABLE_OBJC_ARC = YES;
				CLANG_WARN_BOOL_CONVERSION = YES;
				CLANG_WARN_CONSTANT_CONVERSION = YES;
				CLANG_WARN_DIRECT_OBJC_ISA_USAGE = YES_ERROR;
				CLANG_WARN_EMPTY_BODY = YES;
				CLANG_WARN_ENUM_CONVERSION = YES;
				CLANG_WARN_INT_CONVERSION = YES;
				CLANG_WARN_OBJC_ROOT_CLASS = YES_ERROR;
				CLANG_WARN_UNREACHABLE_CODE = YES;
				CLANG_WARN__DUPLICATE_METHOD_MATCH = YES;
				"CODE_SIGN_IDENTITY[sdk=iphoneos*]" = "iPhone Developer";
				COPY_PHASE_STRIP = NO;
				DEBUG_INFORMATION_FORMAT = dwarf;
				ENABLE_STRICT_OBJC_MSGSEND = YES;
				ENABLE_TESTABILITY = YES;
				GCC_C_LANGUAGE_STANDARD = gnu99;
				GCC_DYNAMIC_NO_PIC = NO;
				GCC_NO_COMMON_BLOCKS = YES;
				GCC_OPTIMIZATION_LEVEL = 0;
				GCC_PREPROCESSOR_DEFINITIONS = (
					"DEBUG=1",
					"$(inherited)",
				);
				GCC_WARN_64_TO_32_BIT_CONVERSION = YES;
				GCC_WARN_ABOUT_RETURN_TYPE = YES_ERROR;
				GCC_WARN_UNDECLARED_SELECTOR = YES;
				GCC_WARN_UNINITIALIZED_AUTOS = YES_AGGRESSIVE;
				GCC_WARN_UNUSED_FUNCTION = YES;
				GCC_WARN_UNUSED_VARIABLE = YES;
				IPHONEOS_DEPLOYMENT_TARGET = 9.0;
				MTL_ENABLE_DEBUG_INFO = YES;
				ONLY_ACTIVE_ARCH = YES;
				SDKROOT = iphoneos;
				SWIFT_OPTIMIZATION_LEVEL = "-Onone";
				TARGETED_DEVICE_FAMILY = "1,2";
			};
			name = Debug;
		};
		A34729591B5596BB00ECDDE3 /* Release */ = {
			isa = XCBuildConfiguration;
			buildSettings = {
				ALWAYS_SEARCH_USER_PATHS = NO;
				CLANG_CXX_LANGUAGE_STANDARD = "gnu++0x";
				CLANG_CXX_LIBRARY = "libc++";
				CLANG_ENABLE_MODULES = YES;
				CLANG_ENABLE_OBJC_ARC = YES;
				CLANG_WARN_BOOL_CONVERSION = YES;
				CLANG_WARN_CONSTANT_CONVERSION = YES;
				CLANG_WARN_DIRECT_OBJC_ISA_USAGE = YES_ERROR;
				CLANG_WARN_EMPTY_BODY = YES;
				CLANG_WARN_ENUM_CONVERSION = YES;
				CLANG_WARN_INT_CONVERSION = YES;
				CLANG_WARN_OBJC_ROOT_CLASS = YES_ERROR;
				CLANG_WARN_UNREACHABLE_CODE = YES;
				CLANG_WARN__DUPLICATE_METHOD_MATCH = YES;
				"CODE_SIGN_IDENTITY[sdk=iphoneos*]" = "iPhone Developer";
				COPY_PHASE_STRIP = NO;
				DEBUG_INFORMATION_FORMAT = "dwarf-with-dsym";
				ENABLE_NS_ASSERTIONS = NO;
				ENABLE_STRICT_OBJC_MSGSEND = YES;
				GCC_C_LANGUAGE_STANDARD = gnu99;
				GCC_NO_COMMON_BLOCKS = YES;
				GCC_WARN_64_TO_32_BIT_CONVERSION = YES;
				GCC_WARN_ABOUT_RETURN_TYPE = YES_ERROR;
				GCC_WARN_UNDECLARED_SELECTOR = YES;
				GCC_WARN_UNINITIALIZED_AUTOS = YES_AGGRESSIVE;
				GCC_WARN_UNUSED_FUNCTION = YES;
				GCC_WARN_UNUSED_VARIABLE = YES;
				IPHONEOS_DEPLOYMENT_TARGET = 9.0;
				MTL_ENABLE_DEBUG_INFO = NO;
				SDKROOT = iphoneos;
				TARGETED_DEVICE_FAMILY = "1,2";
				VALIDATE_PRODUCT = YES;
			};
			name = Release;
		};
		A347295B1B5596BB00ECDDE3 /* Debug */ = {
			isa = XCBuildConfiguration;
			buildSettings = {
				ASSETCATALOG_COMPILER_APPICON_NAME = AppIcon;
				INFOPLIST_FILE = EasyList/Info.plist;
				LD_RUNPATH_SEARCH_PATHS = "$(inherited) @executable_path/Frameworks";
				PRODUCT_BUNDLE_IDENTIFIER = channings.EasyList;
				PRODUCT_NAME = "$(TARGET_NAME)";
			};
			name = Debug;
		};
		A347295C1B5596BB00ECDDE3 /* Release */ = {
			isa = XCBuildConfiguration;
			buildSettings = {
				ASSETCATALOG_COMPILER_APPICON_NAME = AppIcon;
				INFOPLIST_FILE = EasyList/Info.plist;
				LD_RUNPATH_SEARCH_PATHS = "$(inherited) @executable_path/Frameworks";
				PRODUCT_BUNDLE_IDENTIFIER = channings.EasyList;
				PRODUCT_NAME = "$(TARGET_NAME)";
			};
			name = Release;
		};
/* End XCBuildConfiguration section */

/* Begin XCConfigurationList section */
		A34729431B5596BB00ECDDE3 /* Build configuration list for PBXProject "EasyList" */ = {
			isa = XCConfigurationList;
			buildConfigurations = (
				A34729581B5596BB00ECDDE3 /* Debug */,
				A34729591B5596BB00ECDDE3 /* Release */,
			);
			defaultConfigurationIsVisible = 0;
			defaultConfigurationName = Release;
		};
		A347295A1B5596BB00ECDDE3 /* Build configuration list for PBXNativeTarget "EasyList" */ = {
			isa = XCConfigurationList;
			buildConfigurations = (
				A347295B1B5596BB00ECDDE3 /* Debug */,
				A347295C1B5596BB00ECDDE3 /* Release */,
			);
			defaultConfigurationIsVisible = 0;
		};
/* End XCConfigurationList section */
	};
	rootObject = A34729401B5596BB00ECDDE3 /* Project object */;
}
